{
  "name": "acbase",
  "version": "1.0.0",
  "lockfileVersion": 1,
  "requires": true,
  "dependencies": {
    "@fortawesome/fontawesome-free": {
      "version": "5.3.1",
      "resolved": "https://registry.npmjs.org/@fortawesome/fontawesome-free/-/fontawesome-free-5.3.1.tgz",
      "integrity": "sha512-jt6yi7iZVtkY9Jc6zFo+G2vqL4M81pb3IA3WmnnDt9ci7Asz+mPg4gbZL8pjx0nGFBsG0Bmd7BjU9IQkebqxFA=="
    },
    "almond": {
      "version": "0.3.3",
      "resolved": "https://registry.npmjs.org/almond/-/almond-0.3.3.tgz",
      "integrity": "sha1-oOfJWsdiTWQXtElLHmi/9pMWiiA="
    },
    "bootstrap": {
      "version": "4.1.3",
      "resolved": "https://registry.npmjs.org/bootstrap/-/bootstrap-4.1.3.tgz",
      "integrity": "sha512-rDFIzgXcof0jDyjNosjv4Sno77X4KuPeFxG2XZZv1/Kc8DRVGVADdoQyyOVDwPqL36DDmtCQbrpMCqvpPLJQ0w=="
    },
    "jquery": {
      "version": "3.3.1",
      "resolved": "https://registry.npmjs.org/jquery/-/jquery-3.3.1.tgz",
      "integrity": "sha512-Ubldcmxp5np52/ENotGxlLe6aGMvmF4R8S6tZjsP6Knsaxd/xp3Zrh50cG93lR6nPXyUFwzN3ZSOQI0wRJNdGg=="
    },
    "jquery-contextmenu": {
      "version": "2.7.0",
      "resolved": "https://registry.npmjs.org/jquery-contextmenu/-/jquery-contextmenu-2.7.0.tgz",
      "integrity": "sha512-Zz6OaF0ckP7Peu18EEdZsEPR1oitZFHTdI2l9rQSgUYch73iEZjSjtQvEtFhVDl1sxy61QofxekqauMTwkkqrA=="
    },
    "jquery-mousewheel": {
      "version": "3.1.13",
      "resolved": "https://registry.npmjs.org/jquery-mousewheel/-/jquery-mousewheel-3.1.13.tgz",
      "integrity": "sha1-BvAzXxbjU6aV5yBr9QUDy1I6buU="
    },
    "popper.js": {
      "version": "1.14.4",
      "resolved": "https://registry.npmjs.org/popper.js/-/popper.js-1.14.4.tgz",
      "integrity": "sha1-juwdj/AqWjoVLdQ0FKFce3n9abY="
    },
    "select2": {
      "version": "4.0.6-rc.1",
      "resolved": "https://registry.npmjs.org/select2/-/select2-4.0.6-rc.1.tgz",
      "integrity": "sha1-qmwwOKfw8ukf+t448KIcFeGBMnY=",
      "requires": {
        "almond": "~0.3.1",
        "jquery-mousewheel": "~3.1.13"
      }
    },
    "tinymce": {
      "version": "4.8.2",
      "resolved": "https://registry.npmjs.org/tinymce/-/tinymce-4.8.2.tgz",
      "integrity": "sha512-ssq/cGcK8ELG+a96H2mqH6QvsmTSlQk9wj+OYxLIOxsDnWfu90T1TGIachwcQnXsD5FeNFz5X7K860CP9JQCtQ=="
    },
    "tinymce-i18n": {
      "version": "18.8.8",
      "resolved": "https://registry.npmjs.org/tinymce-i18n/-/tinymce-i18n-18.8.8.tgz",
      "integrity": "sha512-x6fyISzBXVbxMrGP6rNjVh8SJMmlj2iclgAHAqTnl8zjtcTf6eKUL14jEsnNrvJ/IlXh982XIx3/rwt6PAK95Q=="
    }
  }
}
